
Microsoft Visual Studio Solution File, Format Version 12.00
# Visual Studio 15
VisualStudioVersion = 15.0.26730.3
MinimumVisualStudioVersion = 10.0.40219.1
Project("{9A19103F-16F7-4668-BE54-9A1E7A4F7556}") = "news-app-dotnet", "news-app-dotnet\news-app-dotnet.csproj", "{9022BE58-BDE9-43FE-9CB1-C3AEB026F28F}"
EndProject
Project("{9A19103F-16F7-4668-BE54-9A1E7A4F7556}") = "Test", "Test\Test.csproj", "{6ACBD871-8BC8-4E2D-AA3B-81273B04FBF4}"
EndProject
Project("{E53339B2-1760-4266-BCC7-CA923CBCF16C}") = "docker-compose", "docker-compose.dcproj", "{7D9E2CF7-C726-491E-B376-2386BD30D884}"
EndProject
Global
	GlobalSection(SolutionConfigurationPlatforms) = preSolution
		Debug|Any CPU = Debug|Any CPU
		Release|Any CPU = Release|Any CPU
	EndGlobalSection
	GlobalSection(ProjectConfigurationPlatforms) = postSolution
		{9022BE58-BDE9-43FE-9CB1-C3AEB026F28F}.Debug|Any CPU.ActiveCfg = Debug|Any CPU
		{9022BE58-BDE9-43FE-9CB1-C3AEB026F28F}.Debug|Any CPU.Build.0 = Debug|Any CPU
		{9022BE58-BDE9-43FE-9CB1-C3AEB026F28F}.Release|Any CPU.ActiveCfg = Release|Any CPU
		{9022BE58-BDE9-43FE-9CB1-C3AEB026F28F}.Release|Any CPU.Build.0 = Release|Any CPU
		{6ACBD871-8BC8-4E2D-AA3B-81273B04FBF4}.Debug|Any CPU.ActiveCfg = Debug|Any CPU
		{6ACBD871-8BC8-4E2D-AA3B-81273B04FBF4}.Debug|Any CPU.Build.0 = Debug|Any CPU
		{6ACBD871-8BC8-4E2D-AA3B-81273B04FBF4}.Release|Any CPU.ActiveCfg = Release|Any CPU
		{6ACBD871-8BC8-4E2D-AA3B-81273B04FBF4}.Release|Any CPU.Build.0 = Release|Any CPU
		{7D9E2CF7-C726-491E-B376-2386BD30D884}.Debug|Any CPU.ActiveCfg = Debug|Any CPU
		{7D9E2CF7-C726-491E-B376-2386BD30D884}.Debug|Any CPU.Build.0 = Debug|Any CPU
		{7D9E2CF7-C726-491E-B376-2386BD30D884}.Release|Any CPU.ActiveCfg = Release|Any CPU
		{7D9E2CF7-C726-491E-B376-2386BD30D884}.Release|Any CPU.Build.0 = Release|Any CPU
	EndGlobalSection
	GlobalSection(SolutionProperties) = preSolution
		HideSolutionNode = FALSE
	EndGlobalSection
	GlobalSection(ExtensibilityGlobals) = postSolution
		SolutionGuid = {A3FA4EF7-7EE6-476D-B298-E8BB2A8A4FC9}
	EndGlobalSection
EndGlobal
